github.com/jquery/jquery-dist v0.0.0-20210302171154-e786e3d9707f h1:VrcFwwDo/nKErNIKmp//iOGu7DlRkBTeW//hN7tl7SU=
github.com/jquery/jquery-dist v0.0.0-20210302171154-e786e3d9707f/go.mod h1:/lTfttEqFU0GWTaOOMIeNTzLGQ7yTIgyzjtkS/pYIoc=
gitlab.com/f5/nginx/controller/poc/f5-hugo v0.15.3 h1:cDf5OAzX/6Qg2gbSJGAkMHHWOA1RDDigTKVBIGzR2Gw=
gitlab.com/f5/nginx/controller/poc/f5-hugo v0.15.3/go.mod h1:G+e4mnMJBHCT04TKm3Bbnm5I5OGVoeLlmbaDFF3GPBc=
gitlab.com/f5/nginx/controller/poc/f5-hugo v0.15.7 h1:O75I8D2xLjbQ5rYZAflXMcnEPFJ12YhLpyn5auO4EUI=
gitlab.com/f5/nginx/controller/poc/f5-hugo v0.15.7/go.mod h1:G+e4mnMJBHCT04TKm3Bbnm5I5OGVoeLlmbaDFF3GPBc=
gitlab.com/f5/nginx/controller/poc/f5-hugo v0.15.8-0.20220110191128-4af0ca29d788 h1:42fJNcaOhcZvx/G6E17sX9EH0auXXd2aNQx/cdBneWo=
gitlab.com/f5/nginx/controller/poc/f5-hugo v0.15.8-0.20220110191128-4af0ca29d788/go.mod h1:G+e4mnMJBHCT04TKm3Bbnm5I5OGVoeLlmbaDFF3GPBc=
gitlab.com/f5/nginx/controller/poc/f5-hugo v0.18.1-0.20220311222638-33f9e0b547fc h1:1oJmwuMeZ3743/q6pZsR0Rif5HqK/LRSVMUxwOGivhA=
gitlab.com/f5/nginx/controller/poc/f5-hugo v0.18.1-0.20220311222638-33f9e0b547fc/go.mod h1:Y9Ez7EKgsbFXNsflK0tGLe6FWqlPToWFGZyrkduYdM4=
gitlab.com/f5/nginx/controller/poc/f5-hugo v0.20.0 h1:6i2v1cWQ1IA5DbbOC/qYd+UADFhBAxitDclpG7kfc5o=
gitlab.com/f5/nginx/controller/poc/f5-hugo v0.20.0/go.mod h1:Y9Ez7EKgsbFXNsflK0tGLe6FWqlPToWFGZyrkduYdM4=
gitlab.com/f5/nginx/controller/poc/f5-hugo v0.22.1 h1:SKPsQzWo5xBDmXoIi3ti8TAZtdex943bkL/RqCRQ3YM=
gitlab.com/f5/nginx/controller/poc/f5-hugo v0.22.1/go.mod h1:Y9Ez7EKgsbFXNsflK0tGLe6FWqlPToWFGZyrkduYdM4=
gitlab.com/f5/nginx/controller/poc/f5-hugo v0.22.2 h1:NTQmkbyS8/SA4p8c2J6idx/KQhky36PYNsTJHxH9Vig=
gitlab.com/f5/nginx/controller/poc/f5-hugo v0.22.2/go.mod h1:Y9Ez7EKgsbFXNsflK0tGLe6FWqlPToWFGZyrkduYdM4=
gitlab.com/f5/nginx/controller/poc/f5-hugo v0.23.3 h1:PwuNzUQWW4G3FUYa+vmh/FK+sKsdg7oKgAQDKF2QkT4=
gitlab.com/f5/nginx/controller/poc/f5-hugo v0.23.3/go.mod h1:Y9Ez7EKgsbFXNsflK0tGLe6FWqlPToWFGZyrkduYdM4=
gitlab.com/f5/nginx/controller/poc/f5-hugo v0.24.0 h1:2lkCeWVT7EeJWuXa5pyZvDMYGv7OQEoteK2L6uoLAAw=
gitlab.com/f5/nginx/controller/poc/f5-hugo v0.24.0/go.mod h1:Y9Ez7EKgsbFXNsflK0tGLe6FWqlPToWFGZyrkduYdM4=
gitlab.com/f5/nginx/controller/poc/f5-hugo v0.24.1 h1:T7y56NzgU4sJ1ymoWDw8CeZeTyOXJSPY5NwFBBZ/EXA=
gitlab.com/f5/nginx/controller/poc/f5-hugo v0.24.1/go.mod h1:Y9Ez7EKgsbFXNsflK0tGLe6FWqlPToWFGZyrkduYdM4=
gitlab.com/f5/nginx/controller/poc/f5-hugo v0.25.0 h1:f3LQ60i0iDhjz53NXorrkB6ZPeL1DbACevslJonoGLE=
gitlab.com/f5/nginx/controller/poc/f5-hugo v0.25.0/go.mod h1:Y9Ez7EKgsbFXNsflK0tGLe6FWqlPToWFGZyrkduYdM4=
gitlab.com/f5/nginx/controller/poc/f5-hugo v0.25.2 h1:WYCERTzhAsQRe2iyZn3ui87f8gEapq8rB2xCMXiFxYw=
gitlab.com/f5/nginx/controller/poc/f5-hugo v0.25.2/go.mod h1:Y9Ez7EKgsbFXNsflK0tGLe6FWqlPToWFGZyrkduYdM4=
